
Microsoft Visual Studio Solution File, Format Version 12.00
# Visual Studio Version 17
VisualStudioVersion = 17.0.32112.339
MinimumVisualStudioVersion = 10.0.40219.1
Project("{FAE04EC0-301F-11D3-BF4B-00C04F79EFBC}") = "BookStoreAPI", "BookStoreAPI\BookStoreAPI.csproj", "{CD3525ED-C6EE-49C9-9E33-694E29A9B0F7}"
EndProject
Global
	GlobalSection(SolutionConfigurationPlatforms) = preSolution
		Debug|Any CPU = Debug|Any CPU
		Release|Any CPU = Release|Any CPU
	EndGlobalSection
	GlobalSection(ProjectConfigurationPlatforms) = postSolution
		{CD3525ED-C6EE-49C9-9E33-694E29A9B0F7}.Debug|Any CPU.ActiveCfg = Debug|Any CPU
		{CD3525ED-C6EE-49C9-9E33-694E29A9B0F7}.Debug|Any CPU.Build.0 = Debug|Any CPU
		{CD3525ED-C6EE-49C9-9E33-694E29A9B0F7}.Release|Any CPU.ActiveCfg = Release|Any CPU
		{CD3525ED-C6EE-49C9-9E33-694E29A9B0F7}.Release|Any CPU.Build.0 = Release|Any CPU
	EndGlobalSection
	GlobalSection(SolutionProperties) = preSolution
		HideSolutionNode = FALSE
	EndGlobalSection
	GlobalSection(ExtensibilityGlobals) = postSolution
		SolutionGuid = {C7E012E5-9FEA-442B-9C3F-5C41888126DC}
	EndGlobalSection
EndGlobal
